
Microsoft Visual Studio Solution File, Format Version 12.00
# Visual Studio Version 17
VisualStudioVersion = 17.7.34221.43
MinimumVisualStudioVersion = 10.0.40219.1
Project("{FAE04EC0-301F-11D3-BF4B-00C04F79EFBC}") = "webServiceBMIcalculator", "webServiceBMIcalculator.csproj", "{79B222EA-CCD4-4523-82D2-19B45DC83E6B}"
EndProject
Project("{FAE04EC0-301F-11D3-BF4B-00C04F79EFBC}") = "BMIcalculatorWebApplication", "..\BMIcalculatorWebApplication\BMIcalculatorWebApplication.csproj", "{CA16A2E9-041E-441C-A770-F0C5D2A849EE}"
	ProjectSection(ProjectDependencies) = postProject
		{79B222EA-CCD4-4523-82D2-19B45DC83E6B} = {79B222EA-CCD4-4523-82D2-19B45DC83E6B}
	EndProjectSection
EndProject
Global
	GlobalSection(SolutionConfigurationPlatforms) = preSolution
		Debug|Any CPU = Debug|Any CPU
		Release|Any CPU = Release|Any CPU
	EndGlobalSection
	GlobalSection(ProjectConfigurationPlatforms) = postSolution
		{79B222EA-CCD4-4523-82D2-19B45DC83E6B}.Debug|Any CPU.ActiveCfg = Debug|Any CPU
		{79B222EA-CCD4-4523-82D2-19B45DC83E6B}.Debug|Any CPU.Build.0 = Debug|Any CPU
		{79B222EA-CCD4-4523-82D2-19B45DC83E6B}.Release|Any CPU.ActiveCfg = Release|Any CPU
		{79B222EA-CCD4-4523-82D2-19B45DC83E6B}.Release|Any CPU.Build.0 = Release|Any CPU
		{CA16A2E9-041E-441C-A770-F0C5D2A849EE}.Debug|Any CPU.ActiveCfg = Debug|Any CPU
		{CA16A2E9-041E-441C-A770-F0C5D2A849EE}.Debug|Any CPU.Build.0 = Debug|Any CPU
		{CA16A2E9-041E-441C-A770-F0C5D2A849EE}.Release|Any CPU.ActiveCfg = Release|Any CPU
		{CA16A2E9-041E-441C-A770-F0C5D2A849EE}.Release|Any CPU.Build.0 = Release|Any CPU
	EndGlobalSection
	GlobalSection(SolutionProperties) = preSolution
		HideSolutionNode = FALSE
	EndGlobalSection
	GlobalSection(ExtensibilityGlobals) = postSolution
		SolutionGuid = {AEFE571F-5149-4EA1-81AE-764325636902}
	EndGlobalSection
EndGlobal
